{
  "version": 4,
  "terraform_version": "1.1.6",
  "serial": 124,
  "lineage": "53a7d8a7-f1cc-851e-46bb-a7d4cd8b9973",
  "outputs": {},
  "resources": [
    {
      "mode": "managed",
      "type": "ionoscloud_datacenter",
      "name": "terraform-wp-db-external",
      "provider": "provider[\"registry.terraform.io/ionos-cloud/ionoscloud\"]",
      "instances": [
        {
          "schema_version": 0,
          "attributes": {
            "cpu_architecture": [
              {
                "cpu_family": "AMD_OPTERON",
                "max_cores": 20,
                "max_ram": 49152,
                "vendor": "AuthenticAMD"
              },
              {
                "cpu_family": "INTEL_XEON",
                "max_cores": 20,
                "max_ram": 49152,
                "vendor": "GenuineIntel"
              }
            ],
            "description": "terraform sandbox bash script",
            "features": [
              "cloud-init",
              "cloud-init-private-image",
              "contract-identities",
              "cpu-hot-plug",
              "disk-vio-hot-plug",
              "disk-vio-hot-unplug",
              "flow-logs",
              "k8s",
              "mem-hot-plug",
              "monitoring",
              "nic-hot-plug",
              "nic-hot-unplug",
              "private-loadbalancer",
              "ssd",
              "ssd-storage-zoning",
              "vnf-cidr",
              "vnf-fw",
              "vnf-lb",
              "vnf-nat"
            ],
            "id": "f7fee698-6662-4dfe-957a-2ae7e8ccfeaa",
            "location": "us/ewr",
            "name": "terraform-db1",
            "sec_auth_protection": false,
            "timeouts": null,
            "version": 1
          },
          "sensitive_attributes": [],
          "private": "eyJlMmJmYjczMC1lY2FhLTExZTYtOGY4OC0zNDM2M2JjN2M0YzAiOnsiY3JlYXRlIjozNjAwMDAwMDAwMDAwLCJkZWZhdWx0IjozNjAwMDAwMDAwMDAwLCJkZWxldGUiOjM2MDAwMDAwMDAwMDAsInJlYWQiOjM2MDAwMDAwMDAwMDAsInVwZGF0ZSI6MzYwMDAwMDAwMDAwMH19"
        }
      ]
    },
    {
      "mode": "managed",
      "type": "ionoscloud_ipblock",
      "name": "mysqltest",
      "provider": "provider[\"registry.terraform.io/ionos-cloud/ionoscloud\"]",
      "instances": [
        {
          "schema_version": 0,
          "attributes": {
            "id": "a12aa5f4-a3a4-4f3e-83ac-4707953e1290",
            "ip_consumers": null,
            "ips": [
              "157.97.105.56"
            ],
            "location": "us/ewr",
            "name": "IP_BLOCK_2022-03-08T15:36:41Z",
            "size": 1,
            "timeouts": null
          },
          "sensitive_attributes": [],
          "private": "eyJlMmJmYjczMC1lY2FhLTExZTYtOGY4OC0zNDM2M2JjN2M0YzAiOnsiY3JlYXRlIjozNjAwMDAwMDAwMDAwLCJkZWZhdWx0IjozNjAwMDAwMDAwMDAwLCJkZWxldGUiOjM2MDAwMDAwMDAwMDAsInJlYWQiOjM2MDAwMDAwMDAwMDAsInVwZGF0ZSI6MzYwMDAwMDAwMDAwMH19"
        }
      ]
    },
    {
      "mode": "managed",
      "type": "ionoscloud_lan",
      "name": "terraform-lan-1",
      "provider": "provider[\"registry.terraform.io/ionos-cloud/ionoscloud\"]",
      "instances": [
        {
          "schema_version": 0,
          "attributes": {
            "datacenter_id": "f7fee698-6662-4dfe-957a-2ae7e8ccfeaa",
            "id": "1",
            "ip_failover": null,
            "name": "lan",
            "pcc": null,
            "public": false,
            "timeouts": null
          },
          "sensitive_attributes": [],
          "private": "eyJlMmJmYjczMC1lY2FhLTExZTYtOGY4OC0zNDM2M2JjN2M0YzAiOnsiY3JlYXRlIjozNjAwMDAwMDAwMDAwLCJkZWZhdWx0IjozNjAwMDAwMDAwMDAwLCJkZWxldGUiOjM2MDAwMDAwMDAwMDAsInJlYWQiOjM2MDAwMDAwMDAwMDAsInVwZGF0ZSI6MzYwMDAwMDAwMDAwMH19",
          "dependencies": [
            "ionoscloud_datacenter.terraform-wp-db-external"
          ]
        }
      ]
    },
    {
      "mode": "managed",
      "type": "ionoscloud_natgateway",
      "name": "ngw",
      "provider": "provider[\"registry.terraform.io/ionos-cloud/ionoscloud\"]",
      "instances": [
        {
          "schema_version": 0,
          "attributes": {
            "datacenter_id": "f7fee698-6662-4dfe-957a-2ae7e8ccfeaa",
            "id": "8634d3cf-459f-413b-80bc-a018bf62c49f",
            "lans": [
              {
                "gateway_ips": [
                  "192.168.10.1/24"
                ],
                "id": 1
              }
            ],
            "name": "ngw",
            "public_ips": [
              "157.97.105.56"
            ],
            "timeouts": null
          },
          "sensitive_attributes": [],
          "private": "eyJlMmJmYjczMC1lY2FhLTExZTYtOGY4OC0zNDM2M2JjN2M0YzAiOnsiY3JlYXRlIjozNjAwMDAwMDAwMDAwLCJkZWZhdWx0IjozNjAwMDAwMDAwMDAwLCJkZWxldGUiOjM2MDAwMDAwMDAwMDAsInJlYWQiOjM2MDAwMDAwMDAwMDAsInVwZGF0ZSI6MzYwMDAwMDAwMDAwMH19",
          "dependencies": [
            "ionoscloud_datacenter.terraform-wp-db-external",
            "ionoscloud_ipblock.mysqltest",
            "ionoscloud_lan.terraform-lan-1"
          ]
        }
      ]
    },
    {
      "mode": "managed",
      "type": "ionoscloud_natgateway_rule",
      "name": "all-out",
      "provider": "provider[\"registry.terraform.io/ionos-cloud/ionoscloud\"]",
      "instances": [
        {
          "schema_version": 0,
          "attributes": {
            "datacenter_id": "f7fee698-6662-4dfe-957a-2ae7e8ccfeaa",
            "id": "ef58374e-2474-4523-b373-0e2f77e30b93",
            "name": "All-out",
            "natgateway_id": "8634d3cf-459f-413b-80bc-a018bf62c49f",
            "protocol": "ALL",
            "public_ip": "157.97.105.56",
            "source_subnet": "192.168.10.0/24",
            "target_port_range": null,
            "target_subnet": "0.0.0.0/0",
            "timeouts": null,
            "type": "SNAT"
          },
          "sensitive_attributes": [],
          "private": "eyJlMmJmYjczMC1lY2FhLTExZTYtOGY4OC0zNDM2M2JjN2M0YzAiOnsiY3JlYXRlIjozNjAwMDAwMDAwMDAwLCJkZWZhdWx0IjozNjAwMDAwMDAwMDAwLCJkZWxldGUiOjM2MDAwMDAwMDAwMDAsInJlYWQiOjM2MDAwMDAwMDAwMDAsInVwZGF0ZSI6MzYwMDAwMDAwMDAwMH19",
          "dependencies": [
            "ionoscloud_datacenter.terraform-wp-db-external",
            "ionoscloud_ipblock.mysqltest",
            "ionoscloud_lan.terraform-lan-1",
            "ionoscloud_natgateway.ngw"
          ]
        }
      ]
    },
    {
      "mode": "managed",
      "type": "ionoscloud_server",
      "name": "terraform-db1",
      "provider": "provider[\"registry.terraform.io/ionos-cloud/ionoscloud\"]",
      "instances": [
        {
          "schema_version": 0,
          "attributes": {
            "availability_zone": "AUTO",
            "boot_cdrom": null,
            "boot_image": "05b9bdbb-e311-11eb-a927-824af8c35c96",
            "boot_volume": "02124464-a7b3-4c88-9bae-76dbd0795e9a",
            "cores": 2,
            "cpu_family": "AMD_OPTERON",
            "datacenter_id": "f7fee698-6662-4dfe-957a-2ae7e8ccfeaa",
            "firewallrule_id": null,
            "id": "519de220-abd8-4e3f-9b56-ee0532c5b7df",
            "image_name": "ubuntu",
            "image_password": "123456789",
            "name": "terraform-db1",
            "nic": [
              {
                "device_number": 0,
                "dhcp": false,
                "firewall": [],
                "firewall_active": false,
                "firewall_type": "INGRESS",
                "ips": [
                  "192.168.10.20"
                ],
                "lan": 1,
                "mac": "02:01:53:f9:29:e5",
                "name": "lan",
                "pci_slot": 0
              }
            ],
            "primary_ip": "192.168.10.20",
            "primary_nic": "5de652cd-7e7a-4c45-989b-7f188d0d180c",
            "ram": 4096,
            "ssh_key_path": [
              "/home/seth/.ssh/id_ed25519.pub"
            ],
            "template_uuid": null,
            "timeouts": {
              "create": "30m",
              "default": null,
              "delete": "30m",
              "update": "30m"
            },
            "type": "ENTERPRISE",
            "volume": [
              {
                "availability_zone": "AUTO",
                "backup_unit_id": "",
                "boot_server": "519de220-abd8-4e3f-9b56-ee0532c5b7df",
                "bus": "VIRTIO",
                "cpu_hot_plug": true,
                "device_number": 1,
                "disc_virtio_hot_plug": true,
                "disc_virtio_hot_unplug": true,
                "disk_type": "HDD",
                "image_name": "",
                "image_password": "",
                "licence_type": "LINUX",
                "name": "terraform-db1-vol1",
                "nic_hot_plug": true,
                "nic_hot_unplug": true,
                "pci_slot": 0,
                "ram_hot_plug": true,
                "size": 50,
                "ssh_key_path": [],
                "user_data": "I2Nsb3VkLWNvbmZpZwojIHRoaXMgY29uZmlndXJhdGlvbiBvZiBwYXNzaW5nIG5ldHdvcmsgeWFtbCBkaXJlY3RseSBkb2VzIG5vdCB3b3JrIGluIGlvbm9zL3VidW50dSAyMC4wNAojICAvLy8vLy8vLy8vLy8vLy8vLy8vLy8vLy8vLy8vLy8vLy8vLy8vLy8vLy8vLy8vLy8vLy8vLy8vLy8vLy8vLy8vLy8vLy8vLy8vLy8vLy8vLy8vLy8vLy8vLy8vLy8vLy8KIyB1c2UgdGhpcyBzZWN0aW9uIGlmIGNyZWF0aW5nIGEgcHJpdmF0ZSBuZXR3b3JrIGJlaGluZCBhIE5BVCBnYXRld2F5IHNldCBhIHN0YXRpYyBpbnRlcm5hbCBhZGRyZXNzIGZvciB0aGUgaW5zdGFuY2UKCgpuZXR3b3JrOgogIHZlcnNpb246IDIKICBldGhlcm5ldHM6CiAgICBlbnM2OgogICAgICBkaGNwNDogZmFsc2UKICAgICAgYWRkcmVzc2VzOgogICAgICAtIDE5Mi4xNjguMTAuMjAvMjQKICAgICAgZ2F0ZXdheTQ6IDE5Mi4xNjguMTAuMQogICAgICBuYW1lc2VydmVyczoKICAgICAgICBhZGRyZXNzZXM6IFsxLjEuMS4xXQogICAgICAgIApydW5jbWQ6CiAtIHJtIC9ldGMvbmV0cGxhbi81MC1jbG91ZC1pbml0LnlhbWwKIC0gcm0gL2V0Yy9uZXRwbGFuLzAxLW5ldGNmZy55YW1sCiAtIG5ldHBsYW4gZ2VuZXJhdGUKIC0gbmV0cGxhbiBhcHBseQogLSBhcHQgdXBkYXRlCiMgIC8vLy8vLy8vLy8vLy8vLy8vLy8vLy8vLy8vLy8vLy8vLy8vLy8vLy8vLy8vLy8vLy8vLy8vLy8vLy8vLy8vLy8vLy8vLy8vLy8vLy8vLy8vLy8vLy8vLy8KIyAgZW5kIHRoZSBpbnRlcm5hbCBJUCBzZWN0aW9uLCBiZWxvdyBzZWN0aW9uIGNsb25lcyBzZWN1cmUgaW5zdGFsbCBzY3JpcHQgYW5kIGRvZXMgc2VjdXJlIGluc3RhbGwgb2YgbXlzcWwKCiAtIGdpdCBjbG9uZSBodHRwczovL2dpdGh1Yi5jb20vaW9ub3NsYWJzL215c3FsLWNsb3VkLWluaXQgL3RtcC9teXNxbC1jbG91ZC1pbml0CiAtIGNobW9kICt4IC90bXAvbXlzcWwtY2xvdWQtaW5pdC9teXNxbC1pbnN0YWxsLnNoCiAtIC90bXAvbXlzcWwtY2xvdWQtaW5pdC9teXNxbC1pbnN0YWxsLnNo"
              }
            ]
          },
          "sensitive_attributes": [],
          "private": "eyJlMmJmYjczMC1lY2FhLTExZTYtOGY4OC0zNDM2M2JjN2M0YzAiOnsiY3JlYXRlIjoxODAwMDAwMDAwMDAwLCJkZWZhdWx0IjozNjAwMDAwMDAwMDAwLCJkZWxldGUiOjE4MDAwMDAwMDAwMDAsInJlYWQiOjM2MDAwMDAwMDAwMDAsInVwZGF0ZSI6MTgwMDAwMDAwMDAwMH19",
          "dependencies": [
            "ionoscloud_datacenter.terraform-wp-db-external",
            "ionoscloud_ipblock.mysqltest",
            "ionoscloud_lan.terraform-lan-1",
            "ionoscloud_natgateway.ngw",
            "ionoscloud_natgateway_rule.all-out"
          ]
        }
      ]
    }
  ]
}
